
Microsoft Visual Studio Solution File, Format Version 12.00
# Visual Studio Version 17
VisualStudioVersion = 17.9.34607.119
MinimumVisualStudioVersion = 10.0.40219.1
Project("{FAE04EC0-301F-11D3-BF4B-00C04F79EFBC}") = "WinFormsAppForKursovaya", "WinFormsAppForKursovaya\WinFormsAppForKursovaya.csproj", "{ED2160D0-9446-44DB-99F2-032A109B885B}"
EndProject
Global
	GlobalSection(SolutionConfigurationPlatforms) = preSolution
		Debug|Any CPU = Debug|Any CPU
		Release|Any CPU = Release|Any CPU
	EndGlobalSection
	GlobalSection(ProjectConfigurationPlatforms) = postSolution
		{ED2160D0-9446-44DB-99F2-032A109B885B}.Debug|Any CPU.ActiveCfg = Debug|Any CPU
		{ED2160D0-9446-44DB-99F2-032A109B885B}.Debug|Any CPU.Build.0 = Debug|Any CPU
		{ED2160D0-9446-44DB-99F2-032A109B885B}.Release|Any CPU.ActiveCfg = Release|Any CPU
		{ED2160D0-9446-44DB-99F2-032A109B885B}.Release|Any CPU.Build.0 = Release|Any CPU
	EndGlobalSection
	GlobalSection(SolutionProperties) = preSolution
		HideSolutionNode = FALSE
	EndGlobalSection
	GlobalSection(ExtensibilityGlobals) = postSolution
		SolutionGuid = {C3A3007B-F3D9-44BB-A2DA-4DA094090219}
	EndGlobalSection
EndGlobal
